
Microsoft Visual Studio Solution File, Format Version 11.00
# Visual Studio 2010
Project("{FAE04EC0-301F-11D3-BF4B-00C04F79EFBC}") = "SIForSpeedUnderground", "Assembly-CSharp-firstpass.csproj", "{27DD678A-0339-7BD1-276F-81676183AA99}"
EndProject
Project("{FAE04EC0-301F-11D3-BF4B-00C04F79EFBC}") = "SIForSpeedUnderground", "Assembly-CSharp.csproj", "{A2855A2E-4E7E-2015-63B3-EF5C14CC5196}"
EndProject
Project("{FAE04EC0-301F-11D3-BF4B-00C04F79EFBC}") = "SIForSpeedUnderground", "Assembly-CSharp-Editor-firstpass.csproj", "{1A60CB5D-4298-112E-6160-23A10741B9ED}"
EndProject
Global
	GlobalSection(SolutionConfigurationPlatforms) = preSolution
		Debug|Any CPU = Debug|Any CPU
		Release|Any CPU = Release|Any CPU
	EndGlobalSection
	GlobalSection(ProjectConfigurationPlatforms) = postSolution
		{27DD678A-0339-7BD1-276F-81676183AA99}.Debug|Any CPU.ActiveCfg = Debug|Any CPU
		{27DD678A-0339-7BD1-276F-81676183AA99}.Debug|Any CPU.Build.0 = Debug|Any CPU
		{27DD678A-0339-7BD1-276F-81676183AA99}.Release|Any CPU.ActiveCfg = Release|Any CPU
		{27DD678A-0339-7BD1-276F-81676183AA99}.Release|Any CPU.Build.0 = Release|Any CPU
		{A2855A2E-4E7E-2015-63B3-EF5C14CC5196}.Debug|Any CPU.ActiveCfg = Debug|Any CPU
		{A2855A2E-4E7E-2015-63B3-EF5C14CC5196}.Debug|Any CPU.Build.0 = Debug|Any CPU
		{A2855A2E-4E7E-2015-63B3-EF5C14CC5196}.Release|Any CPU.ActiveCfg = Release|Any CPU
		{A2855A2E-4E7E-2015-63B3-EF5C14CC5196}.Release|Any CPU.Build.0 = Release|Any CPU
		{1A60CB5D-4298-112E-6160-23A10741B9ED}.Debug|Any CPU.ActiveCfg = Debug|Any CPU
		{1A60CB5D-4298-112E-6160-23A10741B9ED}.Debug|Any CPU.Build.0 = Debug|Any CPU
		{1A60CB5D-4298-112E-6160-23A10741B9ED}.Release|Any CPU.ActiveCfg = Release|Any CPU
		{1A60CB5D-4298-112E-6160-23A10741B9ED}.Release|Any CPU.Build.0 = Release|Any CPU
	EndGlobalSection
	GlobalSection(SolutionProperties) = preSolution
		HideSolutionNode = FALSE
	EndGlobalSection
	GlobalSection(MonoDevelopProperties) = preSolution
		StartupItem = Assembly-CSharp.csproj
	EndGlobalSection
EndGlobal
